github.com/creack/pty v1.1.9/go.mod h1:oKZEueFk5CKHvIhNR5MUki03XCEU+Q6VDXinZuGJ33E=
github.com/davecgh/go-spew v1.1.1 h1:vj9j/u1bqnvCEfJOwUhtlOARqs3+rkHYY13jYWTU97c=
github.com/kr/pretty v0.3.1 h1:flRD4NNwYAUpkphVc1HcthR4KEIFJ65n8Mw5qdRn3LE=
github.com/kr/text v0.2.0 h1:5Nx0Ya0ZqY2ygV366QzturHI13Jq95ApcVaJBhpS+AY=
github.com/kr/text v0.2.0/go.mod h1:eLer722TekiGuMkidMxC/pM04lWEeraHUUmBw8l2grE=
github.com/pmezard/go-difflib v1.0.0 h1:4DBwDE0NGyQoBHbLQYPwSUPoCMWR5BEzIk/f1lZbAQM=
github.com/rogpeppe/go-internal v1.12.0 h1:exVL4IDcn6na9z1rAb56Vxr+CgyK3nn3O+epU5NdKM8=
github.com/stretchr/testify v1.8.4 h1:CcVxjf3Q8PM0mHUKJCdn+eZZtm5yQwehR5yeSVQQcUk=
go.osspkg.com/algorithms v1.3.1 h1:Weh0Z4dMzHFRJTfMva/mU6Uk95wSRGwt1Saj2sfz3Wc=
go.osspkg.com/algorithms v1.3.1/go.mod h1:kj+oVK7UDQlXMKleMTYzbEEpUAXC2tzRBtki7F5EbXc=
go.osspkg.com/goppy/console v0.3.1 h1:fg1HDeev01h55k29B6LyzCDf3b2sn5yl3YYOGN2f4w0=
go.osspkg.com/goppy/console v0.3.1/go.mod h1:TpDVGqmJaKuxemUUPj/cNyLEo3jlyL/T0iOzsZDmjjY=
go.osspkg.com/goppy/errors v0.3.0 h1:n98V9gW8UOfooY9Y9FNwV7oznKGQxrIr/J19brqayzc=
go.osspkg.com/goppy/errors v0.3.0/go.mod h1:rbBTNHK0wpGi3FgJ4M27n7LOvB3Aw6kKc0Q4np16wh0=
go.osspkg.com/goppy/iofile v0.3.2 h1:dvI7AfSZyx7NhSdqg+iFECjSd0+rbgqg0xWvRjXkHpc=
go.osspkg.com/goppy/iofile v0.3.2/go.mod h1:bdslt9epbltr/N/8jtbGDiLIKbpIHwgYh+ax4SHI6Og=
go.osspkg.com/goppy/iosync v0.3.0 h1:eClduMtjVZUPpNYzHm7EClCa3y58lB/FlIRtHgyU9YE=
go.osspkg.com/goppy/iosync v0.3.0/go.mod h1:Ocol//DRF4n0m40jFmYBxnjHtFjeyeO0RcY/pwOCtsg=
go.osspkg.com/goppy/shell v0.3.0 h1:h1w3vRoaro2d6s/A1Tvghq5de8wHDwoobNONwhkxiJc=
go.osspkg.com/goppy/shell v0.3.0/go.mod h1:ZgAoKBOyHor1xyPZdgljNLh/gnd1EKiOhYhgFT3xueQ=
go.osspkg.com/goppy/syscall v0.3.0 h1:2PcpkqC1ol14HTOC+XyG+3lsuQ9pnG9ueE4xFywoSdE=
go.osspkg.com/goppy/syscall v0.3.0/go.mod h1:Vz1BCzM8MmyC/26SjiVh6OGcAkky1y4xalSWbVceiL4=
go.osspkg.com/goppy/xtest v0.3.0 h1:QV0159LiYXKALfsOwhCG+zUuy5jnIFeopYs00PSRa2g=
golang.org/x/mod v0.16.0 h1:QX4fJ0Rr5cPQCF7O9lh9Se4pmwfwskqZfq5moyldzic=
golang.org/x/mod v0.16.0/go.mod h1:hTbmBsO62+eylJbnUtE2MGJUyE7QWk4xUqPFrRgJ+7c=
gopkg.in/check.v1 v0.0.0-20161208181325-20d25e280405/go.mod h1:Co6ibVJAznAaIkqp8huTwlJQCZ016jof/cbN4VW5Yz0=
gopkg.in/check.v1 v1.0.0-20201130134442-10cb98267c6c h1:Hei/4ADfdWqJk1ZMxUNpqntNwaWcugrBjAiHlqqRiVk=
gopkg.in/yaml.v3 v3.0.1 h1:fxVm/GzAzEWqLHuvctI91KS9hhNmmWOoWu0XTYJS7CA=
gopkg.in/yaml.v3 v3.0.1/go.mod h1:K4uyk7z7BCEPqu6E+C64Yfv1cQ7kz7rIZviUmN+EgEM=
